// !$*UTF8*$!
{
	archiveVersion = 1;
	classes = {
	};
	objectVersion = 77;
	objects = {

/* Begin PBXBuildFile section */
		026231ADD9734D356E4A0584 /* AppLanguage.swift in Sources */ = {isa = PBXBuildFile; fileRef = 84096C4A0810D2B9D7ED3D48 /* AppLanguage.swift */; };
		3DA2968AABAB42F4EBC110F6 /* LibraryEntry.swift in Sources */ = {isa = PBXBuildFile; fileRef = B0893809B36546D5B70FE145 /* LibraryEntry.swift */; };
		806A134BF1DEEDBCC455C9E4 /* LibraryStatus.swift in Sources */ = {isa = PBXBuildFile; fileRef = A3C9B71A6AFC413B21C28551 /* LibraryStatus.swift */; };
		B7FFACD54D38EDAB1105E5FA /* Constants.swift in Sources */ = {isa = PBXBuildFile; fileRef = BCD2BCA5472A0C4E5BEB5273 /* Constants.swift */; };
		CDC5D1DCB667FB30D01E1418 /* LibraryProvider.swift in Sources */ = {isa = PBXBuildFile; fileRef = 354398083EE7C082F1FEF5E3 /* LibraryProvider.swift */; };
		DBA0B4C0167050C5F079F726 /* AnimeboxWidget.appex in Embed Foundation Extensions */ = {isa = PBXBuildFile; fileRef = E2FF6CD0924CED6B759A9EA3 /* AnimeboxWidget.appex */; settings = {ATTRIBUTES = (RemoveHeadersOnCopy, ); }; };
		F2BC4F5074ECD0E801A68D28 /* WatchingNowQuery.swift in Sources */ = {isa = PBXBuildFile; fileRef = D700484BE610A01A33752927 /* WatchingNowQuery.swift */; };
/* End PBXBuildFile section */

/* Begin PBXContainerItemProxy section */
		BBA2F1082270ABF969A0F20A /* PBXContainerItemProxy */ = {
			isa = PBXContainerItemProxy;
			containerPortal = FA5CFA3E2FD73F6800733D7A /* Project object */;
			proxyType = 1;
			remoteGlobalIDString = 8EC117DA473DC3CE7DF78989;
			remoteInfo = AnimeboxWidget;
		};
		FA5CFA582FD73F6900733D7A /* PBXContainerItemProxy */ = {
			isa = PBXContainerItemProxy;
			containerPortal = FA5CFA3E2FD73F6800733D7A /* Project object */;
			proxyType = 1;
			remoteGlobalIDString = FA5CFA452FD73F6800733D7A;
			remoteInfo = Animebox;
		};
		FA5CFA622FD73F6900733D7A /* PBXContainerItemProxy */ = {
			isa = PBXContainerItemProxy;
			containerPortal = FA5CFA3E2FD73F6800733D7A /* Project object */;
			proxyType = 1;
			remoteGlobalIDString = FA5CFA452FD73F6800733D7A;
			remoteInfo = Animebox;
		};
/* End PBXContainerItemProxy section */

/* Begin PBXCopyFilesBuildPhase section */
		2BC8F4CEF481F9D18DFDAB81 /* Embed Foundation Extensions */ = {
			isa = PBXCopyFilesBuildPhase;
			buildActionMask = 2147483647;
			dstPath = "";
			dstSubfolderSpec = 13;
			files = (
				DBA0B4C0167050C5F079F726 /* AnimeboxWidget.appex in Embed Foundation Extensions */,
			);
			name = "Embed Foundation Extensions";
			runOnlyForDeploymentPostprocessing = 0;
		};
/* End PBXCopyFilesBuildPhase section */

/* Begin PBXFileReference section */
		354398083EE7C082F1FEF5E3 /* LibraryProvider.swift */ = {isa = PBXFileReference; includeInIndex = 1; lastKnownFileType = sourcecode.swift; name = LibraryProvider.swift; path = Animebox/Models/LibraryProvider.swift; sourceTree = "<group>"; };
		84096C4A0810D2B9D7ED3D48 /* AppLanguage.swift */ = {isa = PBXFileReference; includeInIndex = 1; lastKnownFileType = sourcecode.swift; name = AppLanguage.swift; path = Animebox/Models/AppLanguage.swift; sourceTree = "<group>"; };
		A3C9B71A6AFC413B21C28551 /* LibraryStatus.swift */ = {isa = PBXFileReference; includeInIndex = 1; lastKnownFileType = sourcecode.swift; name = LibraryStatus.swift; path = Animebox/Models/LibraryStatus.swift; sourceTree = "<group>"; };
		B0893809B36546D5B70FE145 /* LibraryEntry.swift */ = {isa = PBXFileReference; includeInIndex = 1; lastKnownFileType = sourcecode.swift; name = LibraryEntry.swift; path = Animebox/Models/LibraryEntry.swift; sourceTree = "<group>"; };
		BCD2BCA5472A0C4E5BEB5273 /* Constants.swift */ = {isa = PBXFileReference; includeInIndex = 1; lastKnownFileType = sourcecode.swift; name = Constants.swift; path = Animebox/Utils/Constants.swift; sourceTree = "<group>"; };
		D700484BE610A01A33752927 /* WatchingNowQuery.swift */ = {isa = PBXFileReference; includeInIndex = 1; lastKnownFileType = sourcecode.swift; name = WatchingNowQuery.swift; path = Animebox/Services/WatchingNowQuery.swift; sourceTree = "<group>"; };
		E2FF6CD0924CED6B759A9EA3 /* AnimeboxWidget.appex */ = {isa = PBXFileReference; explicitFileType = "wrapper.app-extension"; includeInIndex = 0; path = AnimeboxWidget.appex; sourceTree = BUILT_PRODUCTS_DIR; };
		EB9F0F0FE1C3E21988C09EEC /* Secrets.xcconfig */ = {isa = PBXFileReference; includeInIndex = 1; lastKnownFileType = text.xcconfig; name = Secrets.xcconfig; path = Animebox/Config/Secrets.xcconfig; sourceTree = "<group>"; };
		F977FAF95FFB05144C9D3B67 /* Secrets.xcconfig.example */ = {isa = PBXFileReference; includeInIndex = 1; name = Secrets.xcconfig.example; path = Animebox/Config/Secrets.xcconfig.example; sourceTree = "<group>"; };
		FA5CFA462FD73F6800733D7A /* Animebox.app */ = {isa = PBXFileReference; explicitFileType = wrapper.application; includeInIndex = 0; path = Animebox.app; sourceTree = BUILT_PRODUCTS_DIR; };
		FA5CFA572FD73F6900733D7A /* AnimeboxTests.xctest */ = {isa = PBXFileReference; explicitFileType = wrapper.cfbundle; includeInIndex = 0; path = AnimeboxTests.xctest; sourceTree = BUILT_PRODUCTS_DIR; };
		FA5CFA612FD73F6900733D7A /* AnimeboxUITests.xctest */ = {isa = PBXFileReference; explicitFileType = wrapper.cfbundle; includeInIndex = 0; path = AnimeboxUITests.xctest; sourceTree = BUILT_PRODUCTS_DIR; };
/* End PBXFileReference section */

/* Begin PBXFileSystemSynchronizedBuildFileExceptionSet section */
		367161EE2F971366EEED76F1 /* Exceptions for "AnimeboxWidget" folder in "AnimeboxWidget" target */ = {
			isa = PBXFileSystemSynchronizedBuildFileExceptionSet;
			membershipExceptions = (
				Info.plist,
			);
			target = 8EC117DA473DC3CE7DF78989 /* AnimeboxWidget */;
		};
		FA5CFA692FD73F6900733D7A /* Exceptions for "Animebox" folder in "Animebox" target */ = {
			isa = PBXFileSystemSynchronizedBuildFileExceptionSet;
			membershipExceptions = (
				Info.plist,
				Config/Secrets.xcconfig,
				Config/Secrets.xcconfig.example,
			);
			target = FA5CFA452FD73F6800733D7A /* Animebox */;
		};
/* End PBXFileSystemSynchronizedBuildFileExceptionSet section */

/* Begin PBXFileSystemSynchronizedRootGroup section */
		74970EA361E0A9896054AA4E /* AnimeboxWidget */ = {
			isa = PBXFileSystemSynchronizedRootGroup;
			exceptions = (
				367161EE2F971366EEED76F1 /* Exceptions for "AnimeboxWidget" folder in "AnimeboxWidget" target */,
			);
			path = AnimeboxWidget;
			sourceTree = "<group>";
		};
		FA5CFA482FD73F6800733D7A /* Animebox */ = {
			isa = PBXFileSystemSynchronizedRootGroup;
			exceptions = (
				FA5CFA692FD73F6900733D7A /* Exceptions for "Animebox" folder in "Animebox" target */,
			);
			path = Animebox;
			sourceTree = "<group>";
		};
		FA5CFA5A2FD73F6900733D7A /* AnimeboxTests */ = {
			isa = PBXFileSystemSynchronizedRootGroup;
			exceptions = (
			);
			path = AnimeboxTests;
			sourceTree = "<group>";
		};
		FA5CFA642FD73F6900733D7A /* AnimeboxUITests */ = {
			isa = PBXFileSystemSynchronizedRootGroup;
			exceptions = (
			);
			path = AnimeboxUITests;
			sourceTree = "<group>";
		};
/* End PBXFileSystemSynchronizedRootGroup section */

/* Begin PBXFrameworksBuildPhase section */
		B4F481A3BFA3696D567D3DA4 /* Frameworks */ = {
			isa = PBXFrameworksBuildPhase;
			buildActionMask = 2147483647;
			files = (
			);
			runOnlyForDeploymentPostprocessing = 0;
		};
		FA5CFA432FD73F6800733D7A /* Frameworks */ = {
			isa = PBXFrameworksBuildPhase;
			buildActionMask = 2147483647;
			files = (
			);
			runOnlyForDeploymentPostprocessing = 0;
		};
		FA5CFA542FD73F6900733D7A /* Frameworks */ = {
			isa = PBXFrameworksBuildPhase;
			buildActionMask = 2147483647;
			files = (
			);
			runOnlyForDeploymentPostprocessing = 0;
		};
		FA5CFA5E2FD73F6900733D7A /* Frameworks */ = {
			isa = PBXFrameworksBuildPhase;
			buildActionMask = 2147483647;
			files = (
			);
			runOnlyForDeploymentPostprocessing = 0;
		};
/* End PBXFrameworksBuildPhase section */

/* Begin PBXGroup section */
		FA5CFA3D2FD73F6800733D7A = {
			isa = PBXGroup;
			children = (
				FA5CFA482FD73F6800733D7A /* Animebox */,
				FA5CFA5A2FD73F6900733D7A /* AnimeboxTests */,
				FA5CFA642FD73F6900733D7A /* AnimeboxUITests */,
				FA5CFA472FD73F6800733D7A /* Products */,
				74970EA361E0A9896054AA4E /* AnimeboxWidget */,
				B0893809B36546D5B70FE145 /* LibraryEntry.swift */,
				A3C9B71A6AFC413B21C28551 /* LibraryStatus.swift */,
				D700484BE610A01A33752927 /* WatchingNowQuery.swift */,
				BCD2BCA5472A0C4E5BEB5273 /* Constants.swift */,
				EB9F0F0FE1C3E21988C09EEC /* Secrets.xcconfig */,
				F977FAF95FFB05144C9D3B67 /* Secrets.xcconfig.example */,
				84096C4A0810D2B9D7ED3D48 /* AppLanguage.swift */,
				354398083EE7C082F1FEF5E3 /* LibraryProvider.swift */,
			);
			sourceTree = "<group>";
		};
		FA5CFA472FD73F6800733D7A /* Products */ = {
			isa = PBXGroup;
			children = (
				FA5CFA462FD73F6800733D7A /* Animebox.app */,
				FA5CFA572FD73F6900733D7A /* AnimeboxTests.xctest */,
				FA5CFA612FD73F6900733D7A /* AnimeboxUITests.xctest */,
				E2FF6CD0924CED6B759A9EA3 /* AnimeboxWidget.appex */,
			);
			name = Products;
			sourceTree = "<group>";
		};
/* End PBXGroup section */

/* Begin PBXNativeTarget section */
		8EC117DA473DC3CE7DF78989 /* AnimeboxWidget */ = {
			isa = PBXNativeTarget;
			buildConfigurationList = 0BC9308F90714AFAD7255054 /* Build configuration list for PBXNativeTarget "AnimeboxWidget" */;
			buildPhases = (
				C8DE4992649227D727CEDCC8 /* Sources */,
				B4F481A3BFA3696D567D3DA4 /* Frameworks */,
				8A76A614E6918CFF747D7F7A /* Resources */,
			);
			buildRules = (
			);
			dependencies = (
			);
			fileSystemSynchronizedGroups = (
				74970EA361E0A9896054AA4E /* AnimeboxWidget */,
			);
			name = AnimeboxWidget;
			productName = AnimeboxWidget;
			productReference = E2FF6CD0924CED6B759A9EA3 /* AnimeboxWidget.appex */;
			productType = "com.apple.product-type.app-extension";
		};
		FA5CFA452FD73F6800733D7A /* Animebox */ = {
			isa = PBXNativeTarget;
			buildConfigurationList = FA5CFA6A2FD73F6900733D7A /* Build configuration list for PBXNativeTarget "Animebox" */;
			buildPhases = (
				FA5CFA422FD73F6800733D7A /* Sources */,
				FA5CFA432FD73F6800733D7A /* Frameworks */,
				FA5CFA442FD73F6800733D7A /* Resources */,
				2BC8F4CEF481F9D18DFDAB81 /* Embed Foundation Extensions */,
			);
			buildRules = (
			);
			dependencies = (
				48E34B4D3A8D59168B0CC10D /* PBXTargetDependency */,
			);
			fileSystemSynchronizedGroups = (
				FA5CFA482FD73F6800733D7A /* Animebox */,
			);
			name = Animebox;
			productName = Animebox;
			productReference = FA5CFA462FD73F6800733D7A /* Animebox.app */;
			productType = "com.apple.product-type.application";
		};
		FA5CFA562FD73F6900733D7A /* AnimeboxTests */ = {
			isa = PBXNativeTarget;
			buildConfigurationList = FA5CFA6F2FD73F6900733D7A /* Build configuration list for PBXNativeTarget "AnimeboxTests" */;
			buildPhases = (
				FA5CFA532FD73F6900733D7A /* Sources */,
				FA5CFA542FD73F6900733D7A /* Frameworks */,
				FA5CFA552FD73F6900733D7A /* Resources */,
			);
			buildRules = (
			);
			dependencies = (
				FA5CFA592FD73F6900733D7A /* PBXTargetDependency */,
			);
			fileSystemSynchronizedGroups = (
				FA5CFA5A2FD73F6900733D7A /* AnimeboxTests */,
			);
			name = AnimeboxTests;
			productName = AnimeboxTests;
			productReference = FA5CFA572FD73F6900733D7A /* AnimeboxTests.xctest */;
			productType = "com.apple.product-type.bundle.unit-test";
		};
		FA5CFA602FD73F6900733D7A /* AnimeboxUITests */ = {
			isa = PBXNativeTarget;
			buildConfigurationList = FA5CFA722FD73F6900733D7A /* Build configuration list for PBXNativeTarget "AnimeboxUITests" */;
			buildPhases = (
				FA5CFA5D2FD73F6900733D7A /* Sources */,
				FA5CFA5E2FD73F6900733D7A /* Frameworks */,
				FA5CFA5F2FD73F6900733D7A /* Resources */,
			);
			buildRules = (
			);
			dependencies = (
				FA5CFA632FD73F6900733D7A /* PBXTargetDependency */,
			);
			fileSystemSynchronizedGroups = (
				FA5CFA642FD73F6900733D7A /* AnimeboxUITests */,
			);
			name = AnimeboxUITests;
			productName = AnimeboxUITests;
			productReference = FA5CFA612FD73F6900733D7A /* AnimeboxUITests.xctest */;
			productType = "com.apple.product-type.bundle.ui-testing";
		};
/* End PBXNativeTarget section */

/* Begin PBXProject section */
		FA5CFA3E2FD73F6800733D7A /* Project object */ = {
			isa = PBXProject;
			attributes = {
				BuildIndependentTargetsInParallel = 1;
				LastSwiftUpdateCheck = 2650;
				LastUpgradeCheck = 2650;
				TargetAttributes = {
					FA5CFA452FD73F6800733D7A = {
						CreatedOnToolsVersion = 26.5;
					};
					FA5CFA562FD73F6900733D7A = {
						CreatedOnToolsVersion = 26.5;
						TestTargetID = FA5CFA452FD73F6800733D7A;
					};
					FA5CFA602FD73F6900733D7A = {
						CreatedOnToolsVersion = 26.5;
						TestTargetID = FA5CFA452FD73F6800733D7A;
					};
				};
			};
			buildConfigurationList = FA5CFA412FD73F6800733D7A /* Build configuration list for PBXProject "Animebox" */;
			developmentRegion = es;
			hasScannedForEncodings = 0;
			knownRegions = (
				es,
				Base,
			);
			mainGroup = FA5CFA3D2FD73F6800733D7A;
			minimizedProjectReferenceProxies = 1;
			preferredProjectObjectVersion = 77;
			productRefGroup = FA5CFA472FD73F6800733D7A /* Products */;
			projectDirPath = "";
			projectRoot = "";
			targets = (
				FA5CFA452FD73F6800733D7A /* Animebox */,
				FA5CFA562FD73F6900733D7A /* AnimeboxTests */,
				FA5CFA602FD73F6900733D7A /* AnimeboxUITests */,
				8EC117DA473DC3CE7DF78989 /* AnimeboxWidget */,
			);
		};
/* End PBXProject section */

/* Begin PBXResourcesBuildPhase section */
		8A76A614E6918CFF747D7F7A /* Resources */ = {
			isa = PBXResourcesBuildPhase;
			buildActionMask = 2147483647;
			files = (
			);
			runOnlyForDeploymentPostprocessing = 0;
		};
		FA5CFA442FD73F6800733D7A /* Resources */ = {
			isa = PBXResourcesBuildPhase;
			buildActionMask = 2147483647;
			files = (
			);
			runOnlyForDeploymentPostprocessing = 0;
		};
		FA5CFA552FD73F6900733D7A /* Resources */ = {
			isa = PBXResourcesBuildPhase;
			buildActionMask = 2147483647;
			files = (
			);
			runOnlyForDeploymentPostprocessing = 0;
		};
		FA5CFA5F2FD73F6900733D7A /* Resources */ = {
			isa = PBXResourcesBuildPhase;
			buildActionMask = 2147483647;
			files = (
			);
			runOnlyForDeploymentPostprocessing = 0;
		};
/* End PBXResourcesBuildPhase section */

/* Begin PBXSourcesBuildPhase section */
		C8DE4992649227D727CEDCC8 /* Sources */ = {
			isa = PBXSourcesBuildPhase;
			buildActionMask = 2147483647;
			files = (
				3DA2968AABAB42F4EBC110F6 /* LibraryEntry.swift in Sources */,
				806A134BF1DEEDBCC455C9E4 /* LibraryStatus.swift in Sources */,
				F2BC4F5074ECD0E801A68D28 /* WatchingNowQuery.swift in Sources */,
				B7FFACD54D38EDAB1105E5FA /* Constants.swift in Sources */,
				026231ADD9734D356E4A0584 /* AppLanguage.swift in Sources */,
				CDC5D1DCB667FB30D01E1418 /* LibraryProvider.swift in Sources */,
			);
			runOnlyForDeploymentPostprocessing = 0;
		};
		FA5CFA422FD73F6800733D7A /* Sources */ = {
			isa = PBXSourcesBuildPhase;
			buildActionMask = 2147483647;
			files = (
			);
			runOnlyForDeploymentPostprocessing = 0;
		};
		FA5CFA532FD73F6900733D7A /* Sources */ = {
			isa = PBXSourcesBuildPhase;
			buildActionMask = 2147483647;
			files = (
			);
			runOnlyForDeploymentPostprocessing = 0;
		};
		FA5CFA5D2FD73F6900733D7A /* Sources */ = {
			isa = PBXSourcesBuildPhase;
			buildActionMask = 2147483647;
			files = (
			);
			runOnlyForDeploymentPostprocessing = 0;
		};
/* End PBXSourcesBuildPhase section */

/* Begin PBXTargetDependency section */
		48E34B4D3A8D59168B0CC10D /* PBXTargetDependency */ = {
			isa = PBXTargetDependency;
			name = AnimeboxWidget;
			target = 8EC117DA473DC3CE7DF78989 /* AnimeboxWidget */;
			targetProxy = BBA2F1082270ABF969A0F20A /* PBXContainerItemProxy */;
		};
		FA5CFA592FD73F6900733D7A /* PBXTargetDependency */ = {
			isa = PBXTargetDependency;
			target = FA5CFA452FD73F6800733D7A /* Animebox */;
			targetProxy = FA5CFA582FD73F6900733D7A /* PBXContainerItemProxy */;
		};
		FA5CFA632FD73F6900733D7A /* PBXTargetDependency */ = {
			isa = PBXTargetDependency;
			target = FA5CFA452FD73F6800733D7A /* Animebox */;
			targetProxy = FA5CFA622FD73F6900733D7A /* PBXContainerItemProxy */;
		};
/* End PBXTargetDependency section */

/* Begin XCBuildConfiguration section */
		9C4C1149AD12C482873C20C4 /* Release */ = {
			isa = XCBuildConfiguration;
			buildSettings = {
				CODE_SIGN_ENTITLEMENTS = AnimeboxWidget/AnimeboxWidget.entitlements;
				CODE_SIGN_STYLE = Automatic;
				CURRENT_PROJECT_VERSION = 1;
				DEVELOPMENT_TEAM = J7HH527GUG;
				ENABLE_APP_SANDBOX = YES;
				ENABLE_HARDENED_RUNTIME = YES;
				GENERATE_INFOPLIST_FILE = YES;
				INFOPLIST_FILE = AnimeboxWidget/Info.plist;
				IPHONEOS_DEPLOYMENT_TARGET = 26.5;
				LD_RUNPATH_SEARCH_PATHS = "@executable_path/Frameworks";
				"LD_RUNPATH_SEARCH_PATHS[sdk=macosx*]" = "@executable_path/../Frameworks";
				MACOSX_DEPLOYMENT_TARGET = 26.5;
				MARKETING_VERSION = 1.0;
				PRODUCT_BUNDLE_IDENTIFIER = Alexdev.Animebox.AnimeboxWidget;
				PRODUCT_NAME = "$(TARGET_NAME)";
				REGISTER_APP_GROUPS = YES;
				SDKROOT = auto;
				SKIP_INSTALL = YES;
				STRING_CATALOG_GENERATE_SYMBOLS = YES;
				SUPPORTED_PLATFORMS = "iphoneos iphonesimulator macosx xros xrsimulator";
				SWIFT_APPROACHABLE_CONCURRENCY = YES;
				SWIFT_DEFAULT_ACTOR_ISOLATION = MainActor;
				SWIFT_EMIT_LOC_STRINGS = YES;
				SWIFT_UPCOMING_FEATURE_MEMBER_IMPORT_VISIBILITY = YES;
				SWIFT_VERSION = 5.0;
				TARGETED_DEVICE_FAMILY = "1,2,7";
				XROS_DEPLOYMENT_TARGET = 26.5;
			};
			name = Release;
		};
		B2BB5CBFAC61AAFEBEB6E25C /* Debug */ = {
			isa = XCBuildConfiguration;
			buildSettings = {
				CODE_SIGN_ENTITLEMENTS = AnimeboxWidget/AnimeboxWidget.entitlements;
				CODE_SIGN_STYLE = Automatic;
				CURRENT_PROJECT_VERSION = 1;
				DEVELOPMENT_TEAM = J7HH527GUG;
				ENABLE_APP_SANDBOX = YES;
				ENABLE_HARDENED_RUNTIME = YES;
				GENERATE_INFOPLIST_FILE = YES;
				INFOPLIST_FILE = AnimeboxWidget/Info.plist;
				IPHONEOS_DEPLOYMENT_TARGET = 26.5;
				LD_RUNPATH_SEARCH_PATHS = "@executable_path/Frameworks";
				"LD_RUNPATH_SEARCH_PATHS[sdk=macosx*]" = "@executable_path/../Frameworks";
				MACOSX_DEPLOYMENT_TARGET = 26.5;
				MARKETING_VERSION = 1.0;
				PRODUCT_BUNDLE_IDENTIFIER = Alexdev.Animebox.AnimeboxWidget;
				PRODUCT_NAME = "$(TARGET_NAME)";
				REGISTER_APP_GROUPS = YES;
				SDKROOT = auto;
				SKIP_INSTALL = YES;
				STRING_CATALOG_GENERATE_SYMBOLS = YES;
				SUPPORTED_PLATFORMS = "iphoneos iphonesimulator macosx xros xrsimulator";
				SWIFT_APPROACHABLE_CONCURRENCY = YES;
				SWIFT_DEFAULT_ACTOR_ISOLATION = MainActor;
				SWIFT_EMIT_LOC_STRINGS = YES;
				SWIFT_UPCOMING_FEATURE_MEMBER_IMPORT_VISIBILITY = YES;
				SWIFT_VERSION = 5.0;
				TARGETED_DEVICE_FAMILY = "1,2,7";
				XROS_DEPLOYMENT_TARGET = 26.5;
			};
			name = Debug;
		};
		FA5CFA6B2FD73F6900733D7A /* Debug */ = {
			isa = XCBuildConfiguration;
			baseConfigurationReference = EB9F0F0FE1C3E21988C09EEC /* Secrets.xcconfig */;
			buildSettings = {
				ASSETCATALOG_COMPILER_APPICON_NAME = AppIcon;
				ASSETCATALOG_COMPILER_GLOBAL_ACCENT_COLOR_NAME = AccentColor;
				CODE_SIGN_ENTITLEMENTS = Animebox/Animebox.entitlements;
				CODE_SIGN_STYLE = Automatic;
				CURRENT_PROJECT_VERSION = 1;
				DEVELOPMENT_TEAM = J7HH527GUG;
				ENABLE_APP_SANDBOX = YES;
				ENABLE_HARDENED_RUNTIME = YES;
				ENABLE_PREVIEWS = YES;
				ENABLE_USER_SELECTED_FILES = readonly;
				GENERATE_INFOPLIST_FILE = YES;
				INFOPLIST_FILE = Animebox/Info.plist;
				"INFOPLIST_KEY_UIApplicationSceneManifest_Generation[sdk=iphoneos*]" = YES;
				"INFOPLIST_KEY_UIApplicationSceneManifest_Generation[sdk=iphonesimulator*]" = YES;
				"INFOPLIST_KEY_UIApplicationSupportsIndirectInputEvents[sdk=iphoneos*]" = YES;
				"INFOPLIST_KEY_UIApplicationSupportsIndirectInputEvents[sdk=iphonesimulator*]" = YES;
				"INFOPLIST_KEY_UILaunchScreen_Generation[sdk=iphoneos*]" = YES;
				"INFOPLIST_KEY_UILaunchScreen_Generation[sdk=iphonesimulator*]" = YES;
				"INFOPLIST_KEY_UIStatusBarStyle[sdk=iphoneos*]" = UIStatusBarStyleDefault;
				"INFOPLIST_KEY_UIStatusBarStyle[sdk=iphonesimulator*]" = UIStatusBarStyleDefault;
				INFOPLIST_KEY_UISupportedInterfaceOrientations_iPad = "UIInterfaceOrientationPortrait UIInterfaceOrientationPortraitUpsideDown UIInterfaceOrientationLandscapeLeft UIInterfaceOrientationLandscapeRight";
				INFOPLIST_KEY_UISupportedInterfaceOrientations_iPhone = "UIInterfaceOrientationPortrait UIInterfaceOrientationLandscapeLeft UIInterfaceOrientationLandscapeRight";
				IPHONEOS_DEPLOYMENT_TARGET = 26.5;
				LD_RUNPATH_SEARCH_PATHS = "@executable_path/Frameworks";
				"LD_RUNPATH_SEARCH_PATHS[sdk=macosx*]" = "@executable_path/../Frameworks";
				MACOSX_DEPLOYMENT_TARGET = 26.5;
				MARKETING_VERSION = 1.0;
				PRODUCT_BUNDLE_IDENTIFIER = Alexdev.Animebox;
				PRODUCT_NAME = "$(TARGET_NAME)";
				REGISTER_APP_GROUPS = YES;
				SDKROOT = auto;
				STRING_CATALOG_GENERATE_SYMBOLS = YES;
				SUPPORTED_PLATFORMS = "iphoneos iphonesimulator macosx xros xrsimulator";
				SWIFT_APPROACHABLE_CONCURRENCY = YES;
				SWIFT_DEFAULT_ACTOR_ISOLATION = MainActor;
				SWIFT_EMIT_LOC_STRINGS = YES;
				SWIFT_UPCOMING_FEATURE_MEMBER_IMPORT_VISIBILITY = YES;
				SWIFT_VERSION = 5.0;
				TARGETED_DEVICE_FAMILY = "1,2,7";
				XROS_DEPLOYMENT_TARGET = 26.5;
			};
			name = Debug;
		};
		FA5CFA6C2FD73F6900733D7A /* Release */ = {
			isa = XCBuildConfiguration;
			baseConfigurationReference = EB9F0F0FE1C3E21988C09EEC /* Secrets.xcconfig */;
			buildSettings = {
				ASSETCATALOG_COMPILER_APPICON_NAME = AppIcon;
				ASSETCATALOG_COMPILER_GLOBAL_ACCENT_COLOR_NAME = AccentColor;
				CODE_SIGN_ENTITLEMENTS = Animebox/Animebox.entitlements;
				CODE_SIGN_STYLE = Automatic;
				CURRENT_PROJECT_VERSION = 1;
				DEVELOPMENT_TEAM = J7HH527GUG;
				ENABLE_APP_SANDBOX = YES;
				ENABLE_HARDENED_RUNTIME = YES;
				ENABLE_PREVIEWS = YES;
				ENABLE_USER_SELECTED_FILES = readonly;
				GENERATE_INFOPLIST_FILE = YES;
				INFOPLIST_FILE = Animebox/Info.plist;
				"INFOPLIST_KEY_UIApplicationSceneManifest_Generation[sdk=iphoneos*]" = YES;
				"INFOPLIST_KEY_UIApplicationSceneManifest_Generation[sdk=iphonesimulator*]" = YES;
				"INFOPLIST_KEY_UIApplicationSupportsIndirectInputEvents[sdk=iphoneos*]" = YES;
				"INFOPLIST_KEY_UIApplicationSupportsIndirectInputEvents[sdk=iphonesimulator*]" = YES;
				"INFOPLIST_KEY_UILaunchScreen_Generation[sdk=iphoneos*]" = YES;
				"INFOPLIST_KEY_UILaunchScreen_Generation[sdk=iphonesimulator*]" = YES;
				"INFOPLIST_KEY_UIStatusBarStyle[sdk=iphoneos*]" = UIStatusBarStyleDefault;
				"INFOPLIST_KEY_UIStatusBarStyle[sdk=iphonesimulator*]" = UIStatusBarStyleDefault;
				INFOPLIST_KEY_UISupportedInterfaceOrientations_iPad = "UIInterfaceOrientationPortrait UIInterfaceOrientationPortraitUpsideDown UIInterfaceOrientationLandscapeLeft UIInterfaceOrientationLandscapeRight";
				INFOPLIST_KEY_UISupportedInterfaceOrientations_iPhone = "UIInterfaceOrientationPortrait UIInterfaceOrientationLandscapeLeft UIInterfaceOrientationLandscapeRight";
				IPHONEOS_DEPLOYMENT_TARGET = 26.5;
				LD_RUNPATH_SEARCH_PATHS = "@executable_path/Frameworks";
				"LD_RUNPATH_SEARCH_PATHS[sdk=macosx*]" = "@executable_path/../Frameworks";
				MACOSX_DEPLOYMENT_TARGET = 26.5;
				MARKETING_VERSION = 1.0;
				PRODUCT_BUNDLE_IDENTIFIER = Alexdev.Animebox;
				PRODUCT_NAME = "$(TARGET_NAME)";
				REGISTER_APP_GROUPS = YES;
				SDKROOT = auto;
				STRING_CATALOG_GENERATE_SYMBOLS = YES;
				SUPPORTED_PLATFORMS = "iphoneos iphonesimulator macosx xros xrsimulator";
				SWIFT_APPROACHABLE_CONCURRENCY = YES;
				SWIFT_DEFAULT_ACTOR_ISOLATION = MainActor;
				SWIFT_EMIT_LOC_STRINGS = YES;
				SWIFT_UPCOMING_FEATURE_MEMBER_IMPORT_VISIBILITY = YES;
				SWIFT_VERSION = 5.0;
				TARGETED_DEVICE_FAMILY = "1,2,7";
				XROS_DEPLOYMENT_TARGET = 26.5;
			};
			name = Release;
		};
		FA5CFA6D2FD73F6900733D7A /* Debug */ = {
			isa = XCBuildConfiguration;
			buildSettings = {
				ALWAYS_SEARCH_USER_PATHS = NO;
				ASSETCATALOG_COMPILER_GENERATE_SWIFT_ASSET_SYMBOL_EXTENSIONS = YES;
				CLANG_ANALYZER_NONNULL = YES;
				CLANG_ANALYZER_NUMBER_OBJECT_CONVERSION = YES_AGGRESSIVE;
				CLANG_CXX_LANGUAGE_STANDARD = "gnu++20";
				CLANG_ENABLE_MODULES = YES;
				CLANG_ENABLE_OBJC_ARC = YES;
				CLANG_ENABLE_OBJC_WEAK = YES;
				CLANG_WARN_BLOCK_CAPTURE_AUTORELEASING = YES;
				CLANG_WARN_BOOL_CONVERSION = YES;
				CLANG_WARN_COMMA = YES;
				CLANG_WARN_CONSTANT_CONVERSION = YES;
				CLANG_WARN_DEPRECATED_OBJC_IMPLEMENTATIONS = YES;
				CLANG_WARN_DIRECT_OBJC_ISA_USAGE = YES_ERROR;
				CLANG_WARN_DOCUMENTATION_COMMENTS = YES;
				CLANG_WARN_EMPTY_BODY = YES;
				CLANG_WARN_ENUM_CONVERSION = YES;
				CLANG_WARN_INFINITE_RECURSION = YES;
				CLANG_WARN_INT_CONVERSION = YES;
				CLANG_WARN_NON_LITERAL_NULL_CONVERSION = YES;
				CLANG_WARN_OBJC_IMPLICIT_RETAIN_SELF = YES;
				CLANG_WARN_OBJC_LITERAL_CONVERSION = YES;
				CLANG_WARN_OBJC_ROOT_CLASS = YES_ERROR;
				CLANG_WARN_QUOTED_INCLUDE_IN_FRAMEWORK_HEADER = YES;
				CLANG_WARN_RANGE_LOOP_ANALYSIS = YES;
				CLANG_WARN_STRICT_PROTOTYPES = YES;
				CLANG_WARN_SUSPICIOUS_MOVE = YES;
				CLANG_WARN_UNGUARDED_AVAILABILITY = YES_AGGRESSIVE;
				CLANG_WARN_UNREACHABLE_CODE = YES;
				CLANG_WARN__DUPLICATE_METHOD_MATCH = YES;
				COPY_PHASE_STRIP = NO;
				DEBUG_INFORMATION_FORMAT = dwarf;
				DEVELOPMENT_TEAM = J7HH527GUG;
				ENABLE_STRICT_OBJC_MSGSEND = YES;
				ENABLE_TESTABILITY = YES;
				ENABLE_USER_SCRIPT_SANDBOXING = YES;
				GCC_C_LANGUAGE_STANDARD = gnu17;
				GCC_DYNAMIC_NO_PIC = NO;
				GCC_NO_COMMON_BLOCKS = YES;
				GCC_OPTIMIZATION_LEVEL = 0;
				GCC_PREPROCESSOR_DEFINITIONS = (
					"DEBUG=1",
					"$(inherited)",
				);
				GCC_WARN_64_TO_32_BIT_CONVERSION = YES;
				GCC_WARN_ABOUT_RETURN_TYPE = YES_ERROR;
				GCC_WARN_UNDECLARED_SELECTOR = YES;
				GCC_WARN_UNINITIALIZED_AUTOS = YES_AGGRESSIVE;
				GCC_WARN_UNUSED_FUNCTION = YES;
				GCC_WARN_UNUSED_VARIABLE = YES;
				LOCALIZATION_PREFERS_STRING_CATALOGS = YES;
				MTL_ENABLE_DEBUG_INFO = INCLUDE_SOURCE;
				MTL_FAST_MATH = YES;
				ONLY_ACTIVE_ARCH = YES;
				SWIFT_ACTIVE_COMPILATION_CONDITIONS = "DEBUG $(inherited)";
				SWIFT_OPTIMIZATION_LEVEL = "-Onone";
			};
			name = Debug;
		};
		FA5CFA6E2FD73F6900733D7A /* Release */ = {
			isa = XCBuildConfiguration;
			buildSettings = {
				ALWAYS_SEARCH_USER_PATHS = NO;
				ASSETCATALOG_COMPILER_GENERATE_SWIFT_ASSET_SYMBOL_EXTENSIONS = YES;
				CLANG_ANALYZER_NONNULL = YES;
				CLANG_ANALYZER_NUMBER_OBJECT_CONVERSION = YES_AGGRESSIVE;
				CLANG_CXX_LANGUAGE_STANDARD = "gnu++20";
				CLANG_ENABLE_MODULES = YES;
				CLANG_ENABLE_OBJC_ARC = YES;
				CLANG_ENABLE_OBJC_WEAK = YES;
				CLANG_WARN_BLOCK_CAPTURE_AUTORELEASING = YES;
				CLANG_WARN_BOOL_CONVERSION = YES;
				CLANG_WARN_COMMA = YES;
				CLANG_WARN_CONSTANT_CONVERSION = YES;
				CLANG_WARN_DEPRECATED_OBJC_IMPLEMENTATIONS = YES;
				CLANG_WARN_DIRECT_OBJC_ISA_USAGE = YES_ERROR;
				CLANG_WARN_DOCUMENTATION_COMMENTS = YES;
				CLANG_WARN_EMPTY_BODY = YES;
				CLANG_WARN_ENUM_CONVERSION = YES;
				CLANG_WARN_INFINITE_RECURSION = YES;
				CLANG_WARN_INT_CONVERSION = YES;
				CLANG_WARN_NON_LITERAL_NULL_CONVERSION = YES;
				CLANG_WARN_OBJC_IMPLICIT_RETAIN_SELF = YES;
				CLANG_WARN_OBJC_LITERAL_CONVERSION = YES;
				CLANG_WARN_OBJC_ROOT_CLASS = YES_ERROR;
				CLANG_WARN_QUOTED_INCLUDE_IN_FRAMEWORK_HEADER = YES;
				CLANG_WARN_RANGE_LOOP_ANALYSIS = YES;
				CLANG_WARN_STRICT_PROTOTYPES = YES;
				CLANG_WARN_SUSPICIOUS_MOVE = YES;
				CLANG_WARN_UNGUARDED_AVAILABILITY = YES_AGGRESSIVE;
				CLANG_WARN_UNREACHABLE_CODE = YES;
				CLANG_WARN__DUPLICATE_METHOD_MATCH = YES;
				COPY_PHASE_STRIP = NO;
				DEBUG_INFORMATION_FORMAT = "dwarf-with-dsym";
				DEVELOPMENT_TEAM = J7HH527GUG;
				ENABLE_NS_ASSERTIONS = NO;
				ENABLE_STRICT_OBJC_MSGSEND = YES;
				ENABLE_USER_SCRIPT_SANDBOXING = YES;
				GCC_C_LANGUAGE_STANDARD = gnu17;
				GCC_NO_COMMON_BLOCKS = YES;
				GCC_WARN_64_TO_32_BIT_CONVERSION = YES;
				GCC_WARN_ABOUT_RETURN_TYPE = YES_ERROR;
				GCC_WARN_UNDECLARED_SELECTOR = YES;
				GCC_WARN_UNINITIALIZED_AUTOS = YES_AGGRESSIVE;
				GCC_WARN_UNUSED_FUNCTION = YES;
				GCC_WARN_UNUSED_VARIABLE = YES;
				LOCALIZATION_PREFERS_STRING_CATALOGS = YES;
				MTL_ENABLE_DEBUG_INFO = NO;
				MTL_FAST_MATH = YES;
				SWIFT_COMPILATION_MODE = wholemodule;
			};
			name = Release;
		};
		FA5CFA702FD73F6900733D7A /* Debug */ = {
			isa = XCBuildConfiguration;
			buildSettings = {
				BUNDLE_LOADER = "$(TEST_HOST)";
				CODE_SIGN_STYLE = Automatic;
				CURRENT_PROJECT_VERSION = 1;
				DEVELOPMENT_TEAM = J7HH527GUG;
				GENERATE_INFOPLIST_FILE = YES;
				IPHONEOS_DEPLOYMENT_TARGET = 26.5;
				MACOSX_DEPLOYMENT_TARGET = 26.5;
				MARKETING_VERSION = 1.0;
				PRODUCT_BUNDLE_IDENTIFIER = Alexdev.AnimeboxTests;
				PRODUCT_NAME = "$(TARGET_NAME)";
				SDKROOT = auto;
				STRING_CATALOG_GENERATE_SYMBOLS = NO;
				SUPPORTED_PLATFORMS = "iphoneos iphonesimulator macosx xros xrsimulator";
				SWIFT_APPROACHABLE_CONCURRENCY = YES;
				SWIFT_EMIT_LOC_STRINGS = NO;
				SWIFT_UPCOMING_FEATURE_MEMBER_IMPORT_VISIBILITY = YES;
				SWIFT_VERSION = 5.0;
				TARGETED_DEVICE_FAMILY = "1,2,7";
				TEST_HOST = "$(BUILT_PRODUCTS_DIR)/Animebox.app/$(BUNDLE_EXECUTABLE_FOLDER_PATH)/Animebox";
				XROS_DEPLOYMENT_TARGET = 26.5;
			};
			name = Debug;
		};
		FA5CFA712FD73F6900733D7A /* Release */ = {
			isa = XCBuildConfiguration;
			buildSettings = {
				BUNDLE_LOADER = "$(TEST_HOST)";
				CODE_SIGN_STYLE = Automatic;
				CURRENT_PROJECT_VERSION = 1;
				DEVELOPMENT_TEAM = J7HH527GUG;
				GENERATE_INFOPLIST_FILE = YES;
				IPHONEOS_DEPLOYMENT_TARGET = 26.5;
				MACOSX_DEPLOYMENT_TARGET = 26.5;
				MARKETING_VERSION = 1.0;
				PRODUCT_BUNDLE_IDENTIFIER = Alexdev.AnimeboxTests;
				PRODUCT_NAME = "$(TARGET_NAME)";
				SDKROOT = auto;
				STRING_CATALOG_GENERATE_SYMBOLS = NO;
				SUPPORTED_PLATFORMS = "iphoneos iphonesimulator macosx xros xrsimulator";
				SWIFT_APPROACHABLE_CONCURRENCY = YES;
				SWIFT_EMIT_LOC_STRINGS = NO;
				SWIFT_UPCOMING_FEATURE_MEMBER_IMPORT_VISIBILITY = YES;
				SWIFT_VERSION = 5.0;
				TARGETED_DEVICE_FAMILY = "1,2,7";
				TEST_HOST = "$(BUILT_PRODUCTS_DIR)/Animebox.app/$(BUNDLE_EXECUTABLE_FOLDER_PATH)/Animebox";
				XROS_DEPLOYMENT_TARGET = 26.5;
			};
			name = Release;
		};
		FA5CFA732FD73F6900733D7A /* Debug */ = {
			isa = XCBuildConfiguration;
			buildSettings = {
				CODE_SIGN_STYLE = Automatic;
				CURRENT_PROJECT_VERSION = 1;
				DEVELOPMENT_TEAM = J7HH527GUG;
				GENERATE_INFOPLIST_FILE = YES;
				IPHONEOS_DEPLOYMENT_TARGET = 26.5;
				MACOSX_DEPLOYMENT_TARGET = 26.5;
				MARKETING_VERSION = 1.0;
				PRODUCT_BUNDLE_IDENTIFIER = Alexdev.AnimeboxUITests;
				PRODUCT_NAME = "$(TARGET_NAME)";
				SDKROOT = auto;
				STRING_CATALOG_GENERATE_SYMBOLS = NO;
				SUPPORTED_PLATFORMS = "iphoneos iphonesimulator macosx xros xrsimulator";
				SWIFT_APPROACHABLE_CONCURRENCY = YES;
				SWIFT_EMIT_LOC_STRINGS = NO;
				SWIFT_UPCOMING_FEATURE_MEMBER_IMPORT_VISIBILITY = YES;
				SWIFT_VERSION = 5.0;
				TARGETED_DEVICE_FAMILY = "1,2,7";
				TEST_TARGET_NAME = Animebox;
				XROS_DEPLOYMENT_TARGET = 26.5;
			};
			name = Debug;
		};
		FA5CFA742FD73F6900733D7A /* Release */ = {
			isa = XCBuildConfiguration;
			buildSettings = {
				CODE_SIGN_STYLE = Automatic;
				CURRENT_PROJECT_VERSION = 1;
				DEVELOPMENT_TEAM = J7HH527GUG;
				GENERATE_INFOPLIST_FILE = YES;
				IPHONEOS_DEPLOYMENT_TARGET = 26.5;
				MACOSX_DEPLOYMENT_TARGET = 26.5;
				MARKETING_VERSION = 1.0;
				PRODUCT_BUNDLE_IDENTIFIER = Alexdev.AnimeboxUITests;
				PRODUCT_NAME = "$(TARGET_NAME)";
				SDKROOT = auto;
				STRING_CATALOG_GENERATE_SYMBOLS = NO;
				SUPPORTED_PLATFORMS = "iphoneos iphonesimulator macosx xros xrsimulator";
				SWIFT_APPROACHABLE_CONCURRENCY = YES;
				SWIFT_EMIT_LOC_STRINGS = NO;
				SWIFT_UPCOMING_FEATURE_MEMBER_IMPORT_VISIBILITY = YES;
				SWIFT_VERSION = 5.0;
				TARGETED_DEVICE_FAMILY = "1,2,7";
				TEST_TARGET_NAME = Animebox;
				XROS_DEPLOYMENT_TARGET = 26.5;
			};
			name = Release;
		};
/* End XCBuildConfiguration section */

/* Begin XCConfigurationList section */
		0BC9308F90714AFAD7255054 /* Build configuration list for PBXNativeTarget "AnimeboxWidget" */ = {
			isa = XCConfigurationList;
			buildConfigurations = (
				B2BB5CBFAC61AAFEBEB6E25C /* Debug */,
				9C4C1149AD12C482873C20C4 /* Release */,
			);
			defaultConfigurationIsVisible = 0;
			defaultConfigurationName = Release;
		};
		FA5CFA412FD73F6800733D7A /* Build configuration list for PBXProject "Animebox" */ = {
			isa = XCConfigurationList;
			buildConfigurations = (
				FA5CFA6D2FD73F6900733D7A /* Debug */,
				FA5CFA6E2FD73F6900733D7A /* Release */,
			);
			defaultConfigurationIsVisible = 0;
			defaultConfigurationName = Release;
		};
		FA5CFA6A2FD73F6900733D7A /* Build configuration list for PBXNativeTarget "Animebox" */ = {
			isa = XCConfigurationList;
			buildConfigurations = (
				FA5CFA6B2FD73F6900733D7A /* Debug */,
				FA5CFA6C2FD73F6900733D7A /* Release */,
			);
			defaultConfigurationIsVisible = 0;
			defaultConfigurationName = Release;
		};
		FA5CFA6F2FD73F6900733D7A /* Build configuration list for PBXNativeTarget "AnimeboxTests" */ = {
			isa = XCConfigurationList;
			buildConfigurations = (
				FA5CFA702FD73F6900733D7A /* Debug */,
				FA5CFA712FD73F6900733D7A /* Release */,
			);
			defaultConfigurationIsVisible = 0;
			defaultConfigurationName = Release;
		};
		FA5CFA722FD73F6900733D7A /* Build configuration list for PBXNativeTarget "AnimeboxUITests" */ = {
			isa = XCConfigurationList;
			buildConfigurations = (
				FA5CFA732FD73F6900733D7A /* Debug */,
				FA5CFA742FD73F6900733D7A /* Release */,
			);
			defaultConfigurationIsVisible = 0;
			defaultConfigurationName = Release;
		};
/* End XCConfigurationList section */
	};
	rootObject = FA5CFA3E2FD73F6800733D7A /* Project object */;
}
